// !$*UTF8*$!
{
	archiveVersion = 1;
	classes = {
	};
	objectVersion = 56;
	objects = {

/* Begin PBXBuildFile section */
		1806B29929A60FCF00C4965B /* AppDelegate.swift in Sources */ = {isa = PBXBuildFile; fileRef = 1806B29829A60FCF00C4965B /* AppDelegate.swift */; };
		1806B29B29A60FCF00C4965B /* SceneDelegate.swift in Sources */ = {isa = PBXBuildFile; fileRef = 1806B29A29A60FCF00C4965B /* SceneDelegate.swift */; };
		1806B29D29A60FCF00C4965B /* ViewController.swift in Sources */ = {isa = PBXBuildFile; fileRef = 1806B29C29A60FCF00C4965B /* ViewController.swift */; };
		1806B2A029A60FCF00C4965B /* Main.storyboard in Resources */ = {isa = PBXBuildFile; fileRef = 1806B29E29A60FCF00C4965B /* Main.storyboard */; };
		1806B2A229A60FD500C4965B /* Assets.xcassets in Resources */ = {isa = PBXBuildFile; fileRef = 1806B2A129A60FD500C4965B /* Assets.xcassets */; };
		1806B2A529A60FD500C4965B /* LaunchScreen.storyboard in Resources */ = {isa = PBXBuildFile; fileRef = 1806B2A329A60FD500C4965B /* LaunchScreen.storyboard */; };
		1806B2AD29A6106A00C4965B /* multipleViewController.swift in Sources */ = {isa = PBXBuildFile; fileRef = 1806B2AC29A6106A00C4965B /* multipleViewController.swift */; };
		18CEB3D429A73BFF00FEA6F6 /* dataListCell.swift in Sources */ = {isa = PBXBuildFile; fileRef = 18CEB3D329A73BFF00FEA6F6 /* dataListCell.swift */; };
		18D66BB829A638F4002C739F /* MainviewController.swift in Sources */ = {isa = PBXBuildFile; fileRef = 18D66BB729A638F4002C739F /* MainviewController.swift */; };
/* End PBXBuildFile section */

/* Begin PBXFileReference section */
		1806B29529A60FCF00C4965B /* multipleselectiontable view.app */ = {isa = PBXFileReference; explicitFileType = wrapper.application; includeInIndex = 0; path = "multipleselectiontable view.app"; sourceTree = BUILT_PRODUCTS_DIR; };
		1806B29829A60FCF00C4965B /* AppDelegate.swift */ = {isa = PBXFileReference; lastKnownFileType = sourcecode.swift; path = AppDelegate.swift; sourceTree = "<group>"; };
		1806B29A29A60FCF00C4965B /* SceneDelegate.swift */ = {isa = PBXFileReference; lastKnownFileType = sourcecode.swift; path = SceneDelegate.swift; sourceTree = "<group>"; };
		1806B29C29A60FCF00C4965B /* ViewController.swift */ = {isa = PBXFileReference; lastKnownFileType = sourcecode.swift; path = ViewController.swift; sourceTree = "<group>"; };
		1806B29F29A60FCF00C4965B /* Base */ = {isa = PBXFileReference; lastKnownFileType = file.storyboard; name = Base; path = Base.lproj/Main.storyboard; sourceTree = "<group>"; };
		1806B2A129A60FD500C4965B /* Assets.xcassets */ = {isa = PBXFileReference; lastKnownFileType = folder.assetcatalog; path = Assets.xcassets; sourceTree = "<group>"; };
		1806B2A429A60FD500C4965B /* Base */ = {isa = PBXFileReference; lastKnownFileType = file.storyboard; name = Base; path = Base.lproj/LaunchScreen.storyboard; sourceTree = "<group>"; };
		1806B2A629A60FD500C4965B /* Info.plist */ = {isa = PBXFileReference; lastKnownFileType = text.plist.xml; path = Info.plist; sourceTree = "<group>"; };
		1806B2AC29A6106A00C4965B /* multipleViewController.swift */ = {isa = PBXFileReference; lastKnownFileType = sourcecode.swift; path = multipleViewController.swift; sourceTree = "<group>"; };
		18CEB3D329A73BFF00FEA6F6 /* dataListCell.swift */ = {isa = PBXFileReference; lastKnownFileType = sourcecode.swift; path = dataListCell.swift; sourceTree = "<group>"; };
		18D66BB729A638F4002C739F /* MainviewController.swift */ = {isa = PBXFileReference; lastKnownFileType = sourcecode.swift; path = MainviewController.swift; sourceTree = "<group>"; };
/* End PBXFileReference section */

/* Begin PBXFrameworksBuildPhase section */
		1806B29229A60FCF00C4965B /* Frameworks */ = {
			isa = PBXFrameworksBuildPhase;
			buildActionMask = 2147483647;
			files = (
			);
			runOnlyForDeploymentPostprocessing = 0;
		};
/* End PBXFrameworksBuildPhase section */

/* Begin PBXGroup section */
		1806B28C29A60FCE00C4965B = {
			isa = PBXGroup;
			children = (
				1806B29729A60FCF00C4965B /* multipleselectiontable view */,
				1806B29629A60FCF00C4965B /* Products */,
			);
			sourceTree = "<group>";
		};
		1806B29629A60FCF00C4965B /* Products */ = {
			isa = PBXGroup;
			children = (
				1806B29529A60FCF00C4965B /* multipleselectiontable view.app */,
			);
			name = Products;
			sourceTree = "<group>";
		};
		1806B29729A60FCF00C4965B /* multipleselectiontable view */ = {
			isa = PBXGroup;
			children = (
				1806B29829A60FCF00C4965B /* AppDelegate.swift */,
				1806B29A29A60FCF00C4965B /* SceneDelegate.swift */,
				1806B29C29A60FCF00C4965B /* ViewController.swift */,
				18CEB3D329A73BFF00FEA6F6 /* dataListCell.swift */,
				1806B29E29A60FCF00C4965B /* Main.storyboard */,
				1806B2AC29A6106A00C4965B /* multipleViewController.swift */,
				18D66BB729A638F4002C739F /* MainviewController.swift */,
				1806B2A129A60FD500C4965B /* Assets.xcassets */,
				1806B2A329A60FD500C4965B /* LaunchScreen.storyboard */,
				1806B2A629A60FD500C4965B /* Info.plist */,
			);
			path = "multipleselectiontable view";
			sourceTree = "<group>";
		};
/* End PBXGroup section */

/* Begin PBXNativeTarget section */
		1806B29429A60FCF00C4965B /* multipleselectiontable view */ = {
			isa = PBXNativeTarget;
			buildConfigurationList = 1806B2A929A60FD500C4965B /* Build configuration list for PBXNativeTarget "multipleselectiontable view" */;
			buildPhases = (
				1806B29129A60FCF00C4965B /* Sources */,
				1806B29229A60FCF00C4965B /* Frameworks */,
				1806B29329A60FCF00C4965B /* Resources */,
			);
			buildRules = (
			);
			dependencies = (
			);
			name = "multipleselectiontable view";
			productName = "multipleselectiontable view";
			productReference = 1806B29529A60FCF00C4965B /* multipleselectiontable view.app */;
			productType = "com.apple.product-type.application";
		};
/* End PBXNativeTarget section */

/* Begin PBXProject section */
		1806B28D29A60FCE00C4965B /* Project object */ = {
			isa = PBXProject;
			attributes = {
				BuildIndependentTargetsInParallel = 1;
				LastSwiftUpdateCheck = 1400;
				LastUpgradeCheck = 1400;
				TargetAttributes = {
					1806B29429A60FCF00C4965B = {
						CreatedOnToolsVersion = 14.0;
					};
				};
			};
			buildConfigurationList = 1806B29029A60FCE00C4965B /* Build configuration list for PBXProject "multipleselectiontable view" */;
			compatibilityVersion = "Xcode 14.0";
			developmentRegion = en;
			hasScannedForEncodings = 0;
			knownRegions = (
				en,
				Base,
			);
			mainGroup = 1806B28C29A60FCE00C4965B;
			productRefGroup = 1806B29629A60FCF00C4965B /* Products */;
			projectDirPath = "";
			projectRoot = "";
			targets = (
				1806B29429A60FCF00C4965B /* multipleselectiontable view */,
			);
		};
/* End PBXProject section */

/* Begin PBXResourcesBuildPhase section */
		1806B29329A60FCF00C4965B /* Resources */ = {
			isa = PBXResourcesBuildPhase;
			buildActionMask = 2147483647;
			files = (
				1806B2A529A60FD500C4965B /* LaunchScreen.storyboard in Resources */,
				1806B2A229A60FD500C4965B /* Assets.xcassets in Resources */,
				1806B2A029A60FCF00C4965B /* Main.storyboard in Resources */,
			);
			runOnlyForDeploymentPostprocessing = 0;
		};
/* End PBXResourcesBuildPhase section */

/* Begin PBXSourcesBuildPhase section */
		1806B29129A60FCF00C4965B /* Sources */ = {
			isa = PBXSourcesBuildPhase;
			buildActionMask = 2147483647;
			files = (
				1806B29D29A60FCF00C4965B /* ViewController.swift in Sources */,
				1806B29929A60FCF00C4965B /* AppDelegate.swift in Sources */,
				1806B2AD29A6106A00C4965B /* multipleViewController.swift in Sources */,
				1806B29B29A60FCF00C4965B /* SceneDelegate.swift in Sources */,
				18D66BB829A638F4002C739F /* MainviewController.swift in Sources */,
				18CEB3D429A73BFF00FEA6F6 /* dataListCell.swift in Sources */,
			);
			runOnlyForDeploymentPostprocessing = 0;
		};
/* End PBXSourcesBuildPhase section */

/* Begin PBXVariantGroup section */
		1806B29E29A60FCF00C4965B /* Main.storyboard */ = {
			isa = PBXVariantGroup;
			children = (
				1806B29F29A60FCF00C4965B /* Base */,
			);
			name = Main.storyboard;
			sourceTree = "<group>";
		};
		1806B2A329A60FD500C4965B /* LaunchScreen.storyboard */ = {
			isa = PBXVariantGroup;
			children = (
				1806B2A429A60FD500C4965B /* Base */,
			);
			name = LaunchScreen.storyboard;
			sourceTree = "<group>";
		};
/* End PBXVariantGroup section */

/* Begin XCBuildConfiguration section */
		1806B2A729A60FD500C4965B /* Debug */ = {
			isa = XCBuildConfiguration;
			buildSettings = {
				ALWAYS_SEARCH_USER_PATHS = NO;
				CLANG_ANALYZER_NONNULL = YES;
				CLANG_ANALYZER_NUMBER_OBJECT_CONVERSION = YES_AGGRESSIVE;
				CLANG_CXX_LANGUAGE_STANDARD = "gnu++20";
				CLANG_ENABLE_MODULES = YES;
				CLANG_ENABLE_OBJC_ARC = YES;
				CLANG_ENABLE_OBJC_WEAK = YES;
				CLANG_WARN_BLOCK_CAPTURE_AUTORELEASING = YES;
				CLANG_WARN_BOOL_CONVERSION = YES;
				CLANG_WARN_COMMA = YES;
				CLANG_WARN_CONSTANT_CONVERSION = YES;
				CLANG_WARN_DEPRECATED_OBJC_IMPLEMENTATIONS = YES;
				CLANG_WARN_DIRECT_OBJC_ISA_USAGE = YES_ERROR;
				CLANG_WARN_DOCUMENTATION_COMMENTS = YES;
				CLANG_WARN_EMPTY_BODY = YES;
				CLANG_WARN_ENUM_CONVERSION = YES;
				CLANG_WARN_INFINITE_RECURSION = YES;
				CLANG_WARN_INT_CONVERSION = YES;
				CLANG_WARN_NON_LITERAL_NULL_CONVERSION = YES;
				CLANG_WARN_OBJC_IMPLICIT_RETAIN_SELF = YES;
				CLANG_WARN_OBJC_LITERAL_CONVERSION = YES;
				CLANG_WARN_OBJC_ROOT_CLASS = YES_ERROR;
				CLANG_WARN_QUOTED_INCLUDE_IN_FRAMEWORK_HEADER = YES;
				CLANG_WARN_RANGE_LOOP_ANALYSIS = YES;
				CLANG_WARN_STRICT_PROTOTYPES = YES;
				CLANG_WARN_SUSPICIOUS_MOVE = YES;
				CLANG_WARN_UNGUARDED_AVAILABILITY = YES_AGGRESSIVE;
				CLANG_WARN_UNREACHABLE_CODE = YES;
				CLANG_WARN__DUPLICATE_METHOD_MATCH = YES;
				COPY_PHASE_STRIP = NO;
				DEBUG_INFORMATION_FORMAT = dwarf;
				ENABLE_STRICT_OBJC_MSGSEND = YES;
				ENABLE_TESTABILITY = YES;
				GCC_C_LANGUAGE_STANDARD = gnu11;
				GCC_DYNAMIC_NO_PIC = NO;
				GCC_NO_COMMON_BLOCKS = YES;
				GCC_OPTIMIZATION_LEVEL = 0;
				GCC_PREPROCESSOR_DEFINITIONS = (
					"DEBUG=1",
					"$(inherited)",
				);
				GCC_WARN_64_TO_32_BIT_CONVERSION = YES;
				GCC_WARN_ABOUT_RETURN_TYPE = YES_ERROR;
				GCC_WARN_UNDECLARED_SELECTOR = YES;
				GCC_WARN_UNINITIALIZED_AUTOS = YES_AGGRESSIVE;
				GCC_WARN_UNUSED_FUNCTION = YES;
				GCC_WARN_UNUSED_VARIABLE = YES;
				IPHONEOS_DEPLOYMENT_TARGET = 16.0;
				MTL_ENABLE_DEBUG_INFO = INCLUDE_SOURCE;
				MTL_FAST_MATH = YES;
				ONLY_ACTIVE_ARCH = YES;
				SDKROOT = iphoneos;
				SWIFT_ACTIVE_COMPILATION_CONDITIONS = DEBUG;
				SWIFT_OPTIMIZATION_LEVEL = "-Onone";
			};
			name = Debug;
		};
		1806B2A829A60FD500C4965B /* Release */ = {
			isa = XCBuildConfiguration;
			buildSettings = {
				ALWAYS_SEARCH_USER_PATHS = NO;
				CLANG_ANALYZER_NONNULL = YES;
				CLANG_ANALYZER_NUMBER_OBJECT_CONVERSION = YES_AGGRESSIVE;
				CLANG_CXX_LANGUAGE_STANDARD = "gnu++20";
				CLANG_ENABLE_MODULES = YES;
				CLANG_ENABLE_OBJC_ARC = YES;
				CLANG_ENABLE_OBJC_WEAK = YES;
				CLANG_WARN_BLOCK_CAPTURE_AUTORELEASING = YES;
				CLANG_WARN_BOOL_CONVERSION = YES;
				CLANG_WARN_COMMA = YES;
				CLANG_WARN_CONSTANT_CONVERSION = YES;
				CLANG_WARN_DEPRECATED_OBJC_IMPLEMENTATIONS = YES;
				CLANG_WARN_DIRECT_OBJC_ISA_USAGE = YES_ERROR;
				CLANG_WARN_DOCUMENTATION_COMMENTS = YES;
				CLANG_WARN_EMPTY_BODY = YES;
				CLANG_WARN_ENUM_CONVERSION = YES;
				CLANG_WARN_INFINITE_RECURSION = YES;
				CLANG_WARN_INT_CONVERSION = YES;
				CLANG_WARN_NON_LITERAL_NULL_CONVERSION = YES;
				CLANG_WARN_OBJC_IMPLICIT_RETAIN_SELF = YES;
				CLANG_WARN_OBJC_LITERAL_CONVERSION = YES;
				CLANG_WARN_OBJC_ROOT_CLASS = YES_ERROR;
				CLANG_WARN_QUOTED_INCLUDE_IN_FRAMEWORK_HEADER = YES;
				CLANG_WARN_RANGE_LOOP_ANALYSIS = YES;
				CLANG_WARN_STRICT_PROTOTYPES = YES;
				CLANG_WARN_SUSPICIOUS_MOVE = YES;
				CLANG_WARN_UNGUARDED_AVAILABILITY = YES_AGGRESSIVE;
				CLANG_WARN_UNREACHABLE_CODE = YES;
				CLANG_WARN__DUPLICATE_METHOD_MATCH = YES;
				COPY_PHASE_STRIP = NO;
				DEBUG_INFORMATION_FORMAT = "dwarf-with-dsym";
				ENABLE_NS_ASSERTIONS = NO;
				ENABLE_STRICT_OBJC_MSGSEND = YES;
				GCC_C_LANGUAGE_STANDARD = gnu11;
				GCC_NO_COMMON_BLOCKS = YES;
				GCC_WARN_64_TO_32_BIT_CONVERSION = YES;
				GCC_WARN_ABOUT_RETURN_TYPE = YES_ERROR;
				GCC_WARN_UNDECLARED_SELECTOR = YES;
				GCC_WARN_UNINITIALIZED_AUTOS = YES_AGGRESSIVE;
				GCC_WARN_UNUSED_FUNCTION = YES;
				GCC_WARN_UNUSED_VARIABLE = YES;
				IPHONEOS_DEPLOYMENT_TARGET = 16.0;
				MTL_ENABLE_DEBUG_INFO = NO;
				MTL_FAST_MATH = YES;
				SDKROOT = iphoneos;
				SWIFT_COMPILATION_MODE = wholemodule;
				SWIFT_OPTIMIZATION_LEVEL = "-O";
				VALIDATE_PRODUCT = YES;
			};
			name = Release;
		};
		1806B2AA29A60FD500C4965B /* Debug */ = {
			isa = XCBuildConfiguration;
			buildSettings = {
				ASSETCATALOG_COMPILER_APPICON_NAME = AppIcon;
				ASSETCATALOG_COMPILER_GLOBAL_ACCENT_COLOR_NAME = AccentColor;
				CODE_SIGN_STYLE = Automatic;
				CURRENT_PROJECT_VERSION = 1;
				GENERATE_INFOPLIST_FILE = YES;
				INFOPLIST_FILE = "multipleselectiontable view/Info.plist";
				INFOPLIST_KEY_UIApplicationSupportsIndirectInputEvents = YES;
				INFOPLIST_KEY_UILaunchStoryboardName = LaunchScreen;
				INFOPLIST_KEY_UIMainStoryboardFile = Main;
				INFOPLIST_KEY_UISupportedInterfaceOrientations_iPad = "UIInterfaceOrientationPortrait UIInterfaceOrientationPortraitUpsideDown UIInterfaceOrientationLandscapeLeft UIInterfaceOrientationLandscapeRight";
				INFOPLIST_KEY_UISupportedInterfaceOrientations_iPhone = "UIInterfaceOrientationPortrait UIInterfaceOrientationLandscapeLeft UIInterfaceOrientationLandscapeRight";
				LD_RUNPATH_SEARCH_PATHS = (
					"$(inherited)",
					"@executable_path/Frameworks",
				);
				MARKETING_VERSION = 1.0;
				PRODUCT_BUNDLE_IDENTIFIER = "com.Darshan.multipleselectiontable-view";
				PRODUCT_NAME = "$(TARGET_NAME)";
				SWIFT_EMIT_LOC_STRINGS = YES;
				SWIFT_VERSION = 5.0;
				TARGETED_DEVICE_FAMILY = "1,2";
			};
			name = Debug;
		};
		1806B2AB29A60FD500C4965B /* Release */ = {
			isa = XCBuildConfiguration;
			buildSettings = {
				ASSETCATALOG_COMPILER_APPICON_NAME = AppIcon;
				ASSETCATALOG_COMPILER_GLOBAL_ACCENT_COLOR_NAME = AccentColor;
				CODE_SIGN_STYLE = Automatic;
				CURRENT_PROJECT_VERSION = 1;
				GENERATE_INFOPLIST_FILE = YES;
				INFOPLIST_FILE = "multipleselectiontable view/Info.plist";
				INFOPLIST_KEY_UIApplicationSupportsIndirectInputEvents = YES;
				INFOPLIST_KEY_UILaunchStoryboardName = LaunchScreen;
				INFOPLIST_KEY_UIMainStoryboardFile = Main;
				INFOPLIST_KEY_UISupportedInterfaceOrientations_iPad = "UIInterfaceOrientationPortrait UIInterfaceOrientationPortraitUpsideDown UIInterfaceOrientationLandscapeLeft UIInterfaceOrientationLandscapeRight";
				INFOPLIST_KEY_UISupportedInterfaceOrientations_iPhone = "UIInterfaceOrientationPortrait UIInterfaceOrientationLandscapeLeft UIInterfaceOrientationLandscapeRight";
				LD_RUNPATH_SEARCH_PATHS = (
					"$(inherited)",
					"@executable_path/Frameworks",
				);
				MARKETING_VERSION = 1.0;
				PRODUCT_BUNDLE_IDENTIFIER = "com.Darshan.multipleselectiontable-view";
				PRODUCT_NAME = "$(TARGET_NAME)";
				SWIFT_EMIT_LOC_STRINGS = YES;
				SWIFT_VERSION = 5.0;
				TARGETED_DEVICE_FAMILY = "1,2";
			};
			name = Release;
		};
/* End XCBuildConfiguration section */

/* Begin XCConfigurationList section */
		1806B29029A60FCE00C4965B /* Build configuration list for PBXProject "multipleselectiontable view" */ = {
			isa = XCConfigurationList;
			buildConfigurations = (
				1806B2A729A60FD500C4965B /* Debug */,
				1806B2A829A60FD500C4965B /* Release */,
			);
			defaultConfigurationIsVisible = 0;
			defaultConfigurationName = Release;
		};
		1806B2A929A60FD500C4965B /* Build configuration list for PBXNativeTarget "multipleselectiontable view" */ = {
			isa = XCConfigurationList;
			buildConfigurations = (
				1806B2AA29A60FD500C4965B /* Debug */,
				1806B2AB29A60FD500C4965B /* Release */,
			);
			defaultConfigurationIsVisible = 0;
			defaultConfigurationName = Release;
		};
/* End XCConfigurationList section */
	};
	rootObject = 1806B28D29A60FCE00C4965B /* Project object */;
}
